
Microsoft Visual Studio Solution File, Format Version 12.00
# Visual Studio Version 17
VisualStudioVersion = 17.3.32825.248
MinimumVisualStudioVersion = 10.0.40219.1
Project("{FAE04EC0-301F-11D3-BF4B-00C04F79EFBC}") = "Ejercicio03.Android", "Ejercicio03\Ejercicio03.Android\Ejercicio03.Android.csproj", "{7184793F-D7FB-456A-B2EF-EA372A813C15}"
EndProject
Project("{FAE04EC0-301F-11D3-BF4B-00C04F79EFBC}") = "Ejercicio03.iOS", "Ejercicio03\Ejercicio03.iOS\Ejercicio03.iOS.csproj", "{6D2E354A-8ED5-4825-976F-AC8B007D7711}"
EndProject
Project("{9A19103F-16F7-4668-BE54-9A1E7A4F7556}") = "Ejercicio03", "Ejercicio03\Ejercicio03\Ejercicio03.csproj", "{1DD4F0D5-AD87-410E-B080-22E5C5ABCFD1}"
EndProject
Project("{2150E333-8FDC-42A3-9474-1A3956D46DE8}") = "Solution Items", "Solution Items", "{36ABDDDF-70D6-4BE8-B8A6-A5589ADDCB60}"
	ProjectSection(SolutionItems) = preProject
		F:\Pictures\profile_pictures\chi_rho.png = F:\Pictures\profile_pictures\chi_rho.png
	EndProjectSection
EndProject
Global
	GlobalSection(SolutionConfigurationPlatforms) = preSolution
		Debug|Any CPU = Debug|Any CPU
		Debug|iPhone = Debug|iPhone
		Debug|iPhoneSimulator = Debug|iPhoneSimulator
		Release|Any CPU = Release|Any CPU
		Release|iPhone = Release|iPhone
		Release|iPhoneSimulator = Release|iPhoneSimulator
	EndGlobalSection
	GlobalSection(ProjectConfigurationPlatforms) = postSolution
		{7184793F-D7FB-456A-B2EF-EA372A813C15}.Debug|Any CPU.ActiveCfg = Debug|Any CPU
		{7184793F-D7FB-456A-B2EF-EA372A813C15}.Debug|Any CPU.Build.0 = Debug|Any CPU
		{7184793F-D7FB-456A-B2EF-EA372A813C15}.Debug|Any CPU.Deploy.0 = Debug|Any CPU
		{7184793F-D7FB-456A-B2EF-EA372A813C15}.Debug|iPhone.ActiveCfg = Debug|Any CPU
		{7184793F-D7FB-456A-B2EF-EA372A813C15}.Debug|iPhone.Build.0 = Debug|Any CPU
		{7184793F-D7FB-456A-B2EF-EA372A813C15}.Debug|iPhone.Deploy.0 = Debug|Any CPU
		{7184793F-D7FB-456A-B2EF-EA372A813C15}.Debug|iPhoneSimulator.ActiveCfg = Debug|Any CPU
		{7184793F-D7FB-456A-B2EF-EA372A813C15}.Debug|iPhoneSimulator.Build.0 = Debug|Any CPU
		{7184793F-D7FB-456A-B2EF-EA372A813C15}.Debug|iPhoneSimulator.Deploy.0 = Debug|Any CPU
		{7184793F-D7FB-456A-B2EF-EA372A813C15}.Release|Any CPU.ActiveCfg = Release|Any CPU
		{7184793F-D7FB-456A-B2EF-EA372A813C15}.Release|Any CPU.Build.0 = Release|Any CPU
		{7184793F-D7FB-456A-B2EF-EA372A813C15}.Release|Any CPU.Deploy.0 = Release|Any CPU
		{7184793F-D7FB-456A-B2EF-EA372A813C15}.Release|iPhone.ActiveCfg = Release|Any CPU
		{7184793F-D7FB-456A-B2EF-EA372A813C15}.Release|iPhone.Build.0 = Release|Any CPU
		{7184793F-D7FB-456A-B2EF-EA372A813C15}.Release|iPhone.Deploy.0 = Release|Any CPU
		{7184793F-D7FB-456A-B2EF-EA372A813C15}.Release|iPhoneSimulator.ActiveCfg = Release|Any CPU
		{7184793F-D7FB-456A-B2EF-EA372A813C15}.Release|iPhoneSimulator.Build.0 = Release|Any CPU
		{7184793F-D7FB-456A-B2EF-EA372A813C15}.Release|iPhoneSimulator.Deploy.0 = Release|Any CPU
		{6D2E354A-8ED5-4825-976F-AC8B007D7711}.Debug|Any CPU.ActiveCfg = Debug|iPhone
		{6D2E354A-8ED5-4825-976F-AC8B007D7711}.Debug|Any CPU.Build.0 = Debug|iPhone
		{6D2E354A-8ED5-4825-976F-AC8B007D7711}.Debug|Any CPU.Deploy.0 = Debug|iPhone
		{6D2E354A-8ED5-4825-976F-AC8B007D7711}.Debug|iPhone.ActiveCfg = Debug|iPhone
		{6D2E354A-8ED5-4825-976F-AC8B007D7711}.Debug|iPhone.Build.0 = Debug|iPhone
		{6D2E354A-8ED5-4825-976F-AC8B007D7711}.Debug|iPhone.Deploy.0 = Debug|iPhone
		{6D2E354A-8ED5-4825-976F-AC8B007D7711}.Debug|iPhoneSimulator.ActiveCfg = Debug|iPhoneSimulator
		{6D2E354A-8ED5-4825-976F-AC8B007D7711}.Debug|iPhoneSimulator.Build.0 = Debug|iPhoneSimulator
		{6D2E354A-8ED5-4825-976F-AC8B007D7711}.Debug|iPhoneSimulator.Deploy.0 = Debug|iPhoneSimulator
		{6D2E354A-8ED5-4825-976F-AC8B007D7711}.Release|Any CPU.ActiveCfg = Release|iPhoneSimulator
		{6D2E354A-8ED5-4825-976F-AC8B007D7711}.Release|Any CPU.Build.0 = Release|iPhoneSimulator
		{6D2E354A-8ED5-4825-976F-AC8B007D7711}.Release|Any CPU.Deploy.0 = Release|iPhoneSimulator
		{6D2E354A-8ED5-4825-976F-AC8B007D7711}.Release|iPhone.ActiveCfg = Release|iPhone
		{6D2E354A-8ED5-4825-976F-AC8B007D7711}.Release|iPhone.Build.0 = Release|iPhone
		{6D2E354A-8ED5-4825-976F-AC8B007D7711}.Release|iPhone.Deploy.0 = Release|iPhone
		{6D2E354A-8ED5-4825-976F-AC8B007D7711}.Release|iPhoneSimulator.ActiveCfg = Release|iPhoneSimulator
		{6D2E354A-8ED5-4825-976F-AC8B007D7711}.Release|iPhoneSimulator.Build.0 = Release|iPhoneSimulator
		{6D2E354A-8ED5-4825-976F-AC8B007D7711}.Release|iPhoneSimulator.Deploy.0 = Release|iPhoneSimulator
		{1DD4F0D5-AD87-410E-B080-22E5C5ABCFD1}.Debug|Any CPU.ActiveCfg = Debug|Any CPU
		{1DD4F0D5-AD87-410E-B080-22E5C5ABCFD1}.Debug|Any CPU.Build.0 = Debug|Any CPU
		{1DD4F0D5-AD87-410E-B080-22E5C5ABCFD1}.Debug|Any CPU.Deploy.0 = Debug|Any CPU
		{1DD4F0D5-AD87-410E-B080-22E5C5ABCFD1}.Debug|iPhone.ActiveCfg = Debug|Any CPU
		{1DD4F0D5-AD87-410E-B080-22E5C5ABCFD1}.Debug|iPhone.Build.0 = Debug|Any CPU
		{1DD4F0D5-AD87-410E-B080-22E5C5ABCFD1}.Debug|iPhone.Deploy.0 = Debug|Any CPU
		{1DD4F0D5-AD87-410E-B080-22E5C5ABCFD1}.Debug|iPhoneSimulator.ActiveCfg = Debug|Any CPU
		{1DD4F0D5-AD87-410E-B080-22E5C5ABCFD1}.Debug|iPhoneSimulator.Build.0 = Debug|Any CPU
		{1DD4F0D5-AD87-410E-B080-22E5C5ABCFD1}.Debug|iPhoneSimulator.Deploy.0 = Debug|Any CPU
		{1DD4F0D5-AD87-410E-B080-22E5C5ABCFD1}.Release|Any CPU.ActiveCfg = Release|Any CPU
		{1DD4F0D5-AD87-410E-B080-22E5C5ABCFD1}.Release|Any CPU.Build.0 = Release|Any CPU
		{1DD4F0D5-AD87-410E-B080-22E5C5ABCFD1}.Release|Any CPU.Deploy.0 = Release|Any CPU
		{1DD4F0D5-AD87-410E-B080-22E5C5ABCFD1}.Release|iPhone.ActiveCfg = Release|Any CPU
		{1DD4F0D5-AD87-410E-B080-22E5C5ABCFD1}.Release|iPhone.Build.0 = Release|Any CPU
		{1DD4F0D5-AD87-410E-B080-22E5C5ABCFD1}.Release|iPhone.Deploy.0 = Release|Any CPU
		{1DD4F0D5-AD87-410E-B080-22E5C5ABCFD1}.Release|iPhoneSimulator.ActiveCfg = Release|Any CPU
		{1DD4F0D5-AD87-410E-B080-22E5C5ABCFD1}.Release|iPhoneSimulator.Build.0 = Release|Any CPU
		{1DD4F0D5-AD87-410E-B080-22E5C5ABCFD1}.Release|iPhoneSimulator.Deploy.0 = Release|Any CPU
	EndGlobalSection
	GlobalSection(SolutionProperties) = preSolution
		HideSolutionNode = FALSE
	EndGlobalSection
	GlobalSection(ExtensibilityGlobals) = postSolution
		SolutionGuid = {AFE72F5F-F167-4709-AE7A-82FF0DA4038F}
	EndGlobalSection
EndGlobal
